
Microsoft Visual Studio Solution File, Format Version 12.00
# Visual Studio Version 17
VisualStudioVersion = 17.7.34031.279
MinimumVisualStudioVersion = 10.0.40219.1
Project("{FAE04EC0-301F-11D3-BF4B-00C04F79EFBC}") = "NumbersGame", "NumbersGame\NumbersGame.csproj", "{F5D6D7FE-50AD-4B84-A487-7492CB161D44}"
EndProject
Global
	GlobalSection(SolutionConfigurationPlatforms) = preSolution
		Debug|Any CPU = Debug|Any CPU
		Release|Any CPU = Release|Any CPU
	EndGlobalSection
	GlobalSection(ProjectConfigurationPlatforms) = postSolution
		{F5D6D7FE-50AD-4B84-A487-7492CB161D44}.Debug|Any CPU.ActiveCfg = Debug|Any CPU
		{F5D6D7FE-50AD-4B84-A487-7492CB161D44}.Debug|Any CPU.Build.0 = Debug|Any CPU
		{F5D6D7FE-50AD-4B84-A487-7492CB161D44}.Release|Any CPU.ActiveCfg = Release|Any CPU
		{F5D6D7FE-50AD-4B84-A487-7492CB161D44}.Release|Any CPU.Build.0 = Release|Any CPU
	EndGlobalSection
	GlobalSection(SolutionProperties) = preSolution
		HideSolutionNode = FALSE
	EndGlobalSection
	GlobalSection(ExtensibilityGlobals) = postSolution
		SolutionGuid = {7010C066-89DD-45F7-BDB6-EC604266D58D}
	EndGlobalSection
EndGlobal
